
Microsoft Visual Studio Solution File, Format Version 12.00
# Visual Studio Version 16
VisualStudioVersion = 16.0.31702.278
MinimumVisualStudioVersion = 10.0.40219.1
Project("{FAE04EC0-301F-11D3-BF4B-00C04F79EFBC}") = "Checkers", "Checkers.csproj", "{F4EA2F43-5460-4954-8F22-B6C0509CF682}"
EndProject
Global
	GlobalSection(SolutionConfigurationPlatforms) = preSolution
		Debug|Any CPU = Debug|Any CPU
		Release|Any CPU = Release|Any CPU
	EndGlobalSection
	GlobalSection(ProjectConfigurationPlatforms) = postSolution
		{F4EA2F43-5460-4954-8F22-B6C0509CF682}.Debug|Any CPU.ActiveCfg = Debug|Any CPU
		{F4EA2F43-5460-4954-8F22-B6C0509CF682}.Debug|Any CPU.Build.0 = Debug|Any CPU
		{F4EA2F43-5460-4954-8F22-B6C0509CF682}.Release|Any CPU.ActiveCfg = Release|Any CPU
		{F4EA2F43-5460-4954-8F22-B6C0509CF682}.Release|Any CPU.Build.0 = Release|Any CPU
	EndGlobalSection
	GlobalSection(SolutionProperties) = preSolution
		HideSolutionNode = FALSE
	EndGlobalSection
	GlobalSection(ExtensibilityGlobals) = postSolution
		SolutionGuid = {4EB90C9B-D3E4-468E-9B67-CE1EBAF06A97}
	EndGlobalSection
EndGlobal
